PODS:
  - Flutter (1.0.0)
  - quick_actions (0.0.1):
    - Flutter

DEPENDENCIES:
  - Flutter (from `Flutter`)
  - quick_actions (from `.symlinks/plugins/quick_actions/ios`)

EXTERNAL SOURCES:
  Flutter:
    :path: Flutter
  quick_actions:
    :path: ".symlinks/plugins/quick_actions/ios"

SPEC CHECKSUMS:
  Flutter: 0e3d915762c693b495b44d77113d4970485de6ec
  quick_actions: 5eaa421abc932a71d9804fb86186d173020da63d

PODFILE CHECKSUM: 1b66dae606f75376c5f2135a8290850eeb09ae83

COCOAPODS: 1.9.1
